
Microsoft Visual Studio Solution File, Format Version 12.00
# Visual Studio Version 16
VisualStudioVersion = 16.0.33529.622
MinimumVisualStudioVersion = 10.0.40219.1
Project("{FAE04EC0-301F-11D3-BF4B-00C04F79EFBC}") = "cf_loginsrv", "cf_loginsrv.csproj", "{A2F0B75E-9118-456E-8BE2-12297C5123ED}"
EndProject
Global
	GlobalSection(SolutionConfigurationPlatforms) = preSolution
		BuddyDebug|Any CPU = BuddyDebug|Any CPU
		CMMDebug_CN|Any CPU = CMMDebug_CN|Any CPU
		CMMRelease_CN|Any CPU = CMMRelease_CN|Any CPU
		Debug_CN|Any CPU = Debug_CN|Any CPU
		Debug|Any CPU = Debug|Any CPU
		Release_CN|Any CPU = Release_CN|Any CPU
		Release|Any CPU = Release|Any CPU
	EndGlobalSection
	GlobalSection(ProjectConfigurationPlatforms) = postSolution
		{A2F0B75E-9118-456E-8BE2-12297C5123ED}.BuddyDebug|Any CPU.ActiveCfg = BuddyDebug|Any CPU
		{A2F0B75E-9118-456E-8BE2-12297C5123ED}.BuddyDebug|Any CPU.Build.0 = BuddyDebug|Any CPU
		{A2F0B75E-9118-456E-8BE2-12297C5123ED}.CMMDebug_CN|Any CPU.ActiveCfg = CMMDebug_CN|Any CPU
		{A2F0B75E-9118-456E-8BE2-12297C5123ED}.CMMDebug_CN|Any CPU.Build.0 = CMMDebug_CN|Any CPU
		{A2F0B75E-9118-456E-8BE2-12297C5123ED}.CMMRelease_CN|Any CPU.ActiveCfg = CMMRelease_CN|Any CPU
		{A2F0B75E-9118-456E-8BE2-12297C5123ED}.CMMRelease_CN|Any CPU.Build.0 = CMMRelease_CN|Any CPU
		{A2F0B75E-9118-456E-8BE2-12297C5123ED}.Debug_CN|Any CPU.ActiveCfg = Debug_CN|Any CPU
		{A2F0B75E-9118-456E-8BE2-12297C5123ED}.Debug_CN|Any CPU.Build.0 = Debug_CN|Any CPU
		{A2F0B75E-9118-456E-8BE2-12297C5123ED}.Debug|Any CPU.ActiveCfg = Debug|Any CPU
		{A2F0B75E-9118-456E-8BE2-12297C5123ED}.Debug|Any CPU.Build.0 = Debug|Any CPU
		{A2F0B75E-9118-456E-8BE2-12297C5123ED}.Release_CN|Any CPU.ActiveCfg = Release_CN|Any CPU
		{A2F0B75E-9118-456E-8BE2-12297C5123ED}.Release_CN|Any CPU.Build.0 = Release_CN|Any CPU
		{A2F0B75E-9118-456E-8BE2-12297C5123ED}.Release|Any CPU.ActiveCfg = Release|Any CPU
		{A2F0B75E-9118-456E-8BE2-12297C5123ED}.Release|Any CPU.Build.0 = Release|Any CPU
	EndGlobalSection
	GlobalSection(SolutionProperties) = preSolution
		HideSolutionNode = FALSE
	EndGlobalSection
	GlobalSection(ExtensibilityGlobals) = postSolution
		SolutionGuid = {DA6808A1-FB8E-4AF3-BD0F-0EE31184EE33}
	EndGlobalSection
EndGlobal
