
Microsoft Visual Studio Solution File, Format Version 12.00
# Visual Studio Version 16
VisualStudioVersion = 16.0.33529.622
MinimumVisualStudioVersion = 10.0.40219.1
Project("{FAE04EC0-301F-11D3-BF4B-00C04F79EFBC}") = "STP", "STP.csproj", "{1AE1E20D-A834-46D2-9D9B-EF7B0047585C}"
EndProject
Global
	GlobalSection(SolutionConfigurationPlatforms) = preSolution
		CMMDebug_CN|Any CPU = CMMDebug_CN|Any CPU
		CMMRelease_CN|Any CPU = CMMRelease_CN|Any CPU
		Debug_CN|Any CPU = Debug_CN|Any CPU
		Debug|Any CPU = Debug|Any CPU
		Release_CN|Any CPU = Release_CN|Any CPU
		Release|Any CPU = Release|Any CPU
	EndGlobalSection
	GlobalSection(ProjectConfigurationPlatforms) = postSolution
		{1AE1E20D-A834-46D2-9D9B-EF7B0047585C}.CMMDebug_CN|Any CPU.ActiveCfg = CMMDebug_CN|Any CPU
		{1AE1E20D-A834-46D2-9D9B-EF7B0047585C}.CMMDebug_CN|Any CPU.Build.0 = CMMDebug_CN|Any CPU
		{1AE1E20D-A834-46D2-9D9B-EF7B0047585C}.CMMRelease_CN|Any CPU.ActiveCfg = CMMRelease_CN|Any CPU
		{1AE1E20D-A834-46D2-9D9B-EF7B0047585C}.CMMRelease_CN|Any CPU.Build.0 = CMMRelease_CN|Any CPU
		{1AE1E20D-A834-46D2-9D9B-EF7B0047585C}.Debug_CN|Any CPU.ActiveCfg = Debug_CN|Any CPU
		{1AE1E20D-A834-46D2-9D9B-EF7B0047585C}.Debug_CN|Any CPU.Build.0 = Debug_CN|Any CPU
		{1AE1E20D-A834-46D2-9D9B-EF7B0047585C}.Debug|Any CPU.ActiveCfg = Debug|Any CPU
		{1AE1E20D-A834-46D2-9D9B-EF7B0047585C}.Debug|Any CPU.Build.0 = Debug|Any CPU
		{1AE1E20D-A834-46D2-9D9B-EF7B0047585C}.Release_CN|Any CPU.ActiveCfg = Release_CN|Any CPU
		{1AE1E20D-A834-46D2-9D9B-EF7B0047585C}.Release_CN|Any CPU.Build.0 = Release_CN|Any CPU
		{1AE1E20D-A834-46D2-9D9B-EF7B0047585C}.Release|Any CPU.ActiveCfg = Release|Any CPU
		{1AE1E20D-A834-46D2-9D9B-EF7B0047585C}.Release|Any CPU.Build.0 = Release|Any CPU
	EndGlobalSection
	GlobalSection(SolutionProperties) = preSolution
		HideSolutionNode = FALSE
	EndGlobalSection
	GlobalSection(ExtensibilityGlobals) = postSolution
		SolutionGuid = {83448DB9-A251-401D-B111-A416D3230A38}
	EndGlobalSection
EndGlobal
