
Microsoft Visual Studio Solution File, Format Version 12.00
# Visual Studio Version 16
VisualStudioVersion = 16.0.33529.622
MinimumVisualStudioVersion = 10.0.40219.1
Project("{FAE04EC0-301F-11D3-BF4B-00C04F79EFBC}") = "MC.Commons", "MC.Commons.csproj", "{8F13C7CA-EE59-462B-A35B-80BE449F7653}"
EndProject
Global
	GlobalSection(SolutionConfigurationPlatforms) = preSolution
		BuddyDebug|Any CPU = BuddyDebug|Any CPU
		CMMDebug_CN|Any CPU = CMMDebug_CN|Any CPU
		CMMRelease_CN|Any CPU = CMMRelease_CN|Any CPU
		Debug_CN|Any CPU = Debug_CN|Any CPU
		Debug|Any CPU = Debug|Any CPU
		Release_CN|Any CPU = Release_CN|Any CPU
		Release|Any CPU = Release|Any CPU
	EndGlobalSection
	GlobalSection(ProjectConfigurationPlatforms) = postSolution
		{8F13C7CA-EE59-462B-A35B-80BE449F7653}.BuddyDebug|Any CPU.ActiveCfg = BuddyDebug|Any CPU
		{8F13C7CA-EE59-462B-A35B-80BE449F7653}.BuddyDebug|Any CPU.Build.0 = BuddyDebug|Any CPU
		{8F13C7CA-EE59-462B-A35B-80BE449F7653}.CMMDebug_CN|Any CPU.ActiveCfg = CMMDebug_CN|Any CPU
		{8F13C7CA-EE59-462B-A35B-80BE449F7653}.CMMDebug_CN|Any CPU.Build.0 = CMMDebug_CN|Any CPU
		{8F13C7CA-EE59-462B-A35B-80BE449F7653}.CMMRelease_CN|Any CPU.ActiveCfg = CMMRelease_CN|Any CPU
		{8F13C7CA-EE59-462B-A35B-80BE449F7653}.CMMRelease_CN|Any CPU.Build.0 = CMMRelease_CN|Any CPU
		{8F13C7CA-EE59-462B-A35B-80BE449F7653}.Debug_CN|Any CPU.ActiveCfg = Debug_CN|Any CPU
		{8F13C7CA-EE59-462B-A35B-80BE449F7653}.Debug_CN|Any CPU.Build.0 = Debug_CN|Any CPU
		{8F13C7CA-EE59-462B-A35B-80BE449F7653}.Debug|Any CPU.ActiveCfg = Debug|Any CPU
		{8F13C7CA-EE59-462B-A35B-80BE449F7653}.Debug|Any CPU.Build.0 = Debug|Any CPU
		{8F13C7CA-EE59-462B-A35B-80BE449F7653}.Release_CN|Any CPU.ActiveCfg = Release_CN|Any CPU
		{8F13C7CA-EE59-462B-A35B-80BE449F7653}.Release_CN|Any CPU.Build.0 = Release_CN|Any CPU
		{8F13C7CA-EE59-462B-A35B-80BE449F7653}.Release|Any CPU.ActiveCfg = Release|Any CPU
		{8F13C7CA-EE59-462B-A35B-80BE449F7653}.Release|Any CPU.Build.0 = Release|Any CPU
	EndGlobalSection
	GlobalSection(SolutionProperties) = preSolution
		HideSolutionNode = FALSE
	EndGlobalSection
	GlobalSection(ExtensibilityGlobals) = postSolution
		SolutionGuid = {C35C3A94-471C-4B9B-B40C-5545094ABB9B}
	EndGlobalSection
EndGlobal
